
Microsoft Visual Studio Solution File, Format Version 12.00
# Visual Studio 15
VisualStudioVersion = 15.0.27130.2020
MinimumVisualStudioVersion = 10.0.40219.1
Project("{8BC9CEB8-8B4A-11D0-8D11-00A0C91BC942}") = "DecoratorBoardGame", "DecoratorBoardGame\DecoratorBoardGame.vcxproj", "{5AADCE63-491D-4B97-8928-24294743D0CC}"
EndProject
Project("{8BC9CEB8-8B4A-11D0-8D11-00A0C91BC942}") = "FactoryPattern", "FactoryPattern\FactoryPattern.vcxproj", "{C87F8CC1-5C4E-454C-9480-ED2F595B1CD3}"
EndProject
Project("{8BC9CEB8-8B4A-11D0-8D11-00A0C91BC942}") = "CompositePattern", "CompositePattern\CompositePattern.vcxproj", "{F61FCB3C-87EC-4713-A836-8D7E5F092667}"
EndProject
Project("{8BC9CEB8-8B4A-11D0-8D11-00A0C91BC942}") = "ObserverPattern", "ObserverPattern\ObserverPattern.vcxproj", "{13993DD4-BBD0-4829-8C4B-ADF535BB2C12}"
EndProject
Project("{8BC9CEB8-8B4A-11D0-8D11-00A0C91BC942}") = "SingletonPattern", "SingletonPattern\SingletonPattern.vcxproj", "{514CAA0E-3343-452C-AE43-CFE0B9851206}"
EndProject
Project("{8BC9CEB8-8B4A-11D0-8D11-00A0C91BC942}") = "StrategyPattern", "StrategyPattern\StrategyPattern.vcxproj", "{69175BDB-2DFA-408D-9570-0D3323ED4F2C}"
EndProject
Project("{8BC9CEB8-8B4A-11D0-8D11-00A0C91BC942}") = "StatePattern", "StatePattern\StatePattern.vcxproj", "{666D9F71-3351-484A-8040-34293DB3B202}"
EndProject
Global
	GlobalSection(SolutionConfigurationPlatforms) = preSolution
		Debug|x64 = Debug|x64
		Debug|x86 = Debug|x86
		Release|x64 = Release|x64
		Release|x86 = Release|x86
	EndGlobalSection
	GlobalSection(ProjectConfigurationPlatforms) = postSolution
		{5AADCE63-491D-4B97-8928-24294743D0CC}.Debug|x64.ActiveCfg = Debug|x64
		{5AADCE63-491D-4B97-8928-24294743D0CC}.Debug|x64.Build.0 = Debug|x64
		{5AADCE63-491D-4B97-8928-24294743D0CC}.Debug|x86.ActiveCfg = Debug|Win32
		{5AADCE63-491D-4B97-8928-24294743D0CC}.Debug|x86.Build.0 = Debug|Win32
		{5AADCE63-491D-4B97-8928-24294743D0CC}.Release|x64.ActiveCfg = Release|x64
		{5AADCE63-491D-4B97-8928-24294743D0CC}.Release|x64.Build.0 = Release|x64
		{5AADCE63-491D-4B97-8928-24294743D0CC}.Release|x86.ActiveCfg = Release|Win32
		{5AADCE63-491D-4B97-8928-24294743D0CC}.Release|x86.Build.0 = Release|Win32
		{C87F8CC1-5C4E-454C-9480-ED2F595B1CD3}.Debug|x64.ActiveCfg = Debug|x64
		{C87F8CC1-5C4E-454C-9480-ED2F595B1CD3}.Debug|x64.Build.0 = Debug|x64
		{C87F8CC1-5C4E-454C-9480-ED2F595B1CD3}.Debug|x86.ActiveCfg = Debug|Win32
		{C87F8CC1-5C4E-454C-9480-ED2F595B1CD3}.Debug|x86.Build.0 = Debug|Win32
		{C87F8CC1-5C4E-454C-9480-ED2F595B1CD3}.Release|x64.ActiveCfg = Release|x64
		{C87F8CC1-5C4E-454C-9480-ED2F595B1CD3}.Release|x64.Build.0 = Release|x64
		{C87F8CC1-5C4E-454C-9480-ED2F595B1CD3}.Release|x86.ActiveCfg = Release|Win32
		{C87F8CC1-5C4E-454C-9480-ED2F595B1CD3}.Release|x86.Build.0 = Release|Win32
		{F61FCB3C-87EC-4713-A836-8D7E5F092667}.Debug|x64.ActiveCfg = Debug|x64
		{F61FCB3C-87EC-4713-A836-8D7E5F092667}.Debug|x64.Build.0 = Debug|x64
		{F61FCB3C-87EC-4713-A836-8D7E5F092667}.Debug|x86.ActiveCfg = Debug|Win32
		{F61FCB3C-87EC-4713-A836-8D7E5F092667}.Debug|x86.Build.0 = Debug|Win32
		{F61FCB3C-87EC-4713-A836-8D7E5F092667}.Release|x64.ActiveCfg = Release|x64
		{F61FCB3C-87EC-4713-A836-8D7E5F092667}.Release|x64.Build.0 = Release|x64
		{F61FCB3C-87EC-4713-A836-8D7E5F092667}.Release|x86.ActiveCfg = Release|Win32
		{F61FCB3C-87EC-4713-A836-8D7E5F092667}.Release|x86.Build.0 = Release|Win32
		{13993DD4-BBD0-4829-8C4B-ADF535BB2C12}.Debug|x64.ActiveCfg = Debug|x64
		{13993DD4-BBD0-4829-8C4B-ADF535BB2C12}.Debug|x64.Build.0 = Debug|x64
		{13993DD4-BBD0-4829-8C4B-ADF535BB2C12}.Debug|x86.ActiveCfg = Debug|Win32
		{13993DD4-BBD0-4829-8C4B-ADF535BB2C12}.Debug|x86.Build.0 = Debug|Win32
		{13993DD4-BBD0-4829-8C4B-ADF535BB2C12}.Release|x64.ActiveCfg = Release|x64
		{13993DD4-BBD0-4829-8C4B-ADF535BB2C12}.Release|x64.Build.0 = Release|x64
		{13993DD4-BBD0-4829-8C4B-ADF535BB2C12}.Release|x86.ActiveCfg = Release|Win32
		{13993DD4-BBD0-4829-8C4B-ADF535BB2C12}.Release|x86.Build.0 = Release|Win32
		{514CAA0E-3343-452C-AE43-CFE0B9851206}.Debug|x64.ActiveCfg = Debug|x64
		{514CAA0E-3343-452C-AE43-CFE0B9851206}.Debug|x64.Build.0 = Debug|x64
		{514CAA0E-3343-452C-AE43-CFE0B9851206}.Debug|x86.ActiveCfg = Debug|Win32
		{514CAA0E-3343-452C-AE43-CFE0B9851206}.Debug|x86.Build.0 = Debug|Win32
		{514CAA0E-3343-452C-AE43-CFE0B9851206}.Release|x64.ActiveCfg = Release|x64
		{514CAA0E-3343-452C-AE43-CFE0B9851206}.Release|x64.Build.0 = Release|x64
		{514CAA0E-3343-452C-AE43-CFE0B9851206}.Release|x86.ActiveCfg = Release|Win32
		{514CAA0E-3343-452C-AE43-CFE0B9851206}.Release|x86.Build.0 = Release|Win32
		{69175BDB-2DFA-408D-9570-0D3323ED4F2C}.Debug|x64.ActiveCfg = Debug|x64
		{69175BDB-2DFA-408D-9570-0D3323ED4F2C}.Debug|x64.Build.0 = Debug|x64
		{69175BDB-2DFA-408D-9570-0D3323ED4F2C}.Debug|x86.ActiveCfg = Debug|Win32
		{69175BDB-2DFA-408D-9570-0D3323ED4F2C}.Debug|x86.Build.0 = Debug|Win32
		{69175BDB-2DFA-408D-9570-0D3323ED4F2C}.Release|x64.ActiveCfg = Release|x64
		{69175BDB-2DFA-408D-9570-0D3323ED4F2C}.Release|x64.Build.0 = Release|x64
		{69175BDB-2DFA-408D-9570-0D3323ED4F2C}.Release|x86.ActiveCfg = Release|Win32
		{69175BDB-2DFA-408D-9570-0D3323ED4F2C}.Release|x86.Build.0 = Release|Win32
		{666D9F71-3351-484A-8040-34293DB3B202}.Debug|x64.ActiveCfg = Debug|x64
		{666D9F71-3351-484A-8040-34293DB3B202}.Debug|x64.Build.0 = Debug|x64
		{666D9F71-3351-484A-8040-34293DB3B202}.Debug|x86.ActiveCfg = Debug|Win32
		{666D9F71-3351-484A-8040-34293DB3B202}.Debug|x86.Build.0 = Debug|Win32
		{666D9F71-3351-484A-8040-34293DB3B202}.Release|x64.ActiveCfg = Release|x64
		{666D9F71-3351-484A-8040-34293DB3B202}.Release|x64.Build.0 = Release|x64
		{666D9F71-3351-484A-8040-34293DB3B202}.Release|x86.ActiveCfg = Release|Win32
		{666D9F71-3351-484A-8040-34293DB3B202}.Release|x86.Build.0 = Release|Win32
	EndGlobalSection
	GlobalSection(SolutionProperties) = preSolution
		HideSolutionNode = FALSE
	EndGlobalSection
	GlobalSection(ExtensibilityGlobals) = postSolution
		SolutionGuid = {95457608-B47D-46DB-B644-DFD666B3A950}
	EndGlobalSection
EndGlobal
